
Microsoft Visual Studio Solution File, Format Version 12.00
# Visual Studio 2012
Project("{FAE04EC0-301F-11D3-BF4B-00C04F79EFBC}") = "Client", "Client\Client.csproj", "{9F74EB7E-AB7B-4799-AC09-11DF63FE9352}"
EndProject
Project("{2150E333-8FDC-42A3-9474-1A3956D46DE8}") = ".nuget", ".nuget", "{5F145D49-58E9-4BD5-BFC2-C714DE5562CD}"
	ProjectSection(SolutionItems) = preProject
		.nuget\NuGet.Config = .nuget\NuGet.Config
		.nuget\NuGet.exe = .nuget\NuGet.exe
		.nuget\NuGet.targets = .nuget\NuGet.targets
	EndProjectSection
EndProject
Project("{FAE04EC0-301F-11D3-BF4B-00C04F79EFBC}") = "UI", "UI\UI.csproj", "{F0F15712-20AF-4BB5-857C-B162CE345E46}"
EndProject
Project("{FAE04EC0-301F-11D3-BF4B-00C04F79EFBC}") = "UnitTests", "UnitTests\UnitTests.csproj", "{ABAE97DA-7579-47A1-B224-AF6E14632111}"
EndProject
Global
	GlobalSection(SolutionConfigurationPlatforms) = preSolution
		Debug|Any CPU = Debug|Any CPU
		Release|Any CPU = Release|Any CPU
	EndGlobalSection
	GlobalSection(ProjectConfigurationPlatforms) = postSolution
		{9F74EB7E-AB7B-4799-AC09-11DF63FE9352}.Debug|Any CPU.ActiveCfg = Debug|Any CPU
		{9F74EB7E-AB7B-4799-AC09-11DF63FE9352}.Debug|Any CPU.Build.0 = Debug|Any CPU
		{9F74EB7E-AB7B-4799-AC09-11DF63FE9352}.Release|Any CPU.ActiveCfg = Release|Any CPU
		{9F74EB7E-AB7B-4799-AC09-11DF63FE9352}.Release|Any CPU.Build.0 = Release|Any CPU
		{F0F15712-20AF-4BB5-857C-B162CE345E46}.Debug|Any CPU.ActiveCfg = Debug|Any CPU
		{F0F15712-20AF-4BB5-857C-B162CE345E46}.Debug|Any CPU.Build.0 = Debug|Any CPU
		{F0F15712-20AF-4BB5-857C-B162CE345E46}.Release|Any CPU.ActiveCfg = Release|Any CPU
		{F0F15712-20AF-4BB5-857C-B162CE345E46}.Release|Any CPU.Build.0 = Release|Any CPU
		{ABAE97DA-7579-47A1-B224-AF6E14632111}.Debug|Any CPU.ActiveCfg = Debug|Any CPU
		{ABAE97DA-7579-47A1-B224-AF6E14632111}.Debug|Any CPU.Build.0 = Debug|Any CPU
		{ABAE97DA-7579-47A1-B224-AF6E14632111}.Release|Any CPU.ActiveCfg = Release|Any CPU
		{ABAE97DA-7579-47A1-B224-AF6E14632111}.Release|Any CPU.Build.0 = Release|Any CPU
	EndGlobalSection
	GlobalSection(SolutionProperties) = preSolution
		HideSolutionNode = FALSE
	EndGlobalSection
EndGlobal
